
Microsoft Visual Studio Solution File, Format Version 12.00
# Visual Studio Version 16
VisualStudioVersion = 16.0.29613.14
MinimumVisualStudioVersion = 10.0.40219.1
Project("{FAE04EC0-301F-11D3-BF4B-00C04F79EFBC}") = "Crypto Deobfuscator", "Crypto Deobfuscator\Crypto Deobfuscator.csproj", "{84E6DF46-79B0-4B70-AF7E-D937B8CF7140}"
EndProject
Global
	GlobalSection(SolutionConfigurationPlatforms) = preSolution
		Debug|Any CPU = Debug|Any CPU
		Release|Any CPU = Release|Any CPU
	EndGlobalSection
	GlobalSection(ProjectConfigurationPlatforms) = postSolution
		{84E6DF46-79B0-4B70-AF7E-D937B8CF7140}.Debug|Any CPU.ActiveCfg = Debug|Any CPU
		{84E6DF46-79B0-4B70-AF7E-D937B8CF7140}.Debug|Any CPU.Build.0 = Debug|Any CPU
		{84E6DF46-79B0-4B70-AF7E-D937B8CF7140}.Release|Any CPU.ActiveCfg = Release|Any CPU
		{84E6DF46-79B0-4B70-AF7E-D937B8CF7140}.Release|Any CPU.Build.0 = Release|Any CPU
	EndGlobalSection
	GlobalSection(SolutionProperties) = preSolution
		HideSolutionNode = FALSE
	EndGlobalSection
	GlobalSection(ExtensibilityGlobals) = postSolution
		SolutionGuid = {EAA859EA-4549-402C-B003-D909C02DDD4D}
	EndGlobalSection
EndGlobal
